
Microsoft Visual Studio Solution File, Format Version 11.00
# Visual Studio 2010
Project("{FAE04EC0-301F-11D3-BF4B-00C04F79EFBC}") = "meta03", "Assembly-CSharp.csproj", "{6BD17484-21AA-341A-61E8-47D535920896}"
EndProject
Global
	GlobalSection(SolutionConfigurationPlatforms) = preSolution
		Debug|Any CPU = Debug|Any CPU
		Release|Any CPU = Release|Any CPU
	EndGlobalSection
	GlobalSection(ProjectConfigurationPlatforms) = postSolution
		{6BD17484-21AA-341A-61E8-47D535920896}.Debug|Any CPU.ActiveCfg = Debug|Any CPU
		{6BD17484-21AA-341A-61E8-47D535920896}.Debug|Any CPU.Build.0 = Debug|Any CPU
		{6BD17484-21AA-341A-61E8-47D535920896}.Release|Any CPU.ActiveCfg = Release|Any CPU
		{6BD17484-21AA-341A-61E8-47D535920896}.Release|Any CPU.Build.0 = Release|Any CPU
	EndGlobalSection
	GlobalSection(SolutionProperties) = preSolution
		HideSolutionNode = FALSE
	EndGlobalSection
	GlobalSection(MonoDevelopProperties) = preSolution
		StartupItem = Assembly-CSharp.csproj
	EndGlobalSection
EndGlobal
